
Microsoft Visual Studio Solution File, Format Version 12.00
# Visual Studio Version 17
VisualStudioVersion = 17.13.35828.75 d17.13
MinimumVisualStudioVersion = 10.0.40219.1
Project("{FAE04EC0-301F-11D3-BF4B-00C04F79EFBC}") = "SwitchWithNumbers", "SwitchWithNumbers\SwitchWithNumbers.csproj", "{8D423DDD-02DC-49BB-AA33-6AE5CE429583}"
EndProject
Global
	GlobalSection(SolutionConfigurationPlatforms) = preSolution
		Debug|Any CPU = Debug|Any CPU
		Release|Any CPU = Release|Any CPU
	EndGlobalSection
	GlobalSection(ProjectConfigurationPlatforms) = postSolution
		{8D423DDD-02DC-49BB-AA33-6AE5CE429583}.Debug|Any CPU.ActiveCfg = Debug|Any CPU
		{8D423DDD-02DC-49BB-AA33-6AE5CE429583}.Debug|Any CPU.Build.0 = Debug|Any CPU
		{8D423DDD-02DC-49BB-AA33-6AE5CE429583}.Release|Any CPU.ActiveCfg = Release|Any CPU
		{8D423DDD-02DC-49BB-AA33-6AE5CE429583}.Release|Any CPU.Build.0 = Release|Any CPU
	EndGlobalSection
	GlobalSection(SolutionProperties) = preSolution
		HideSolutionNode = FALSE
	EndGlobalSection
	GlobalSection(ExtensibilityGlobals) = postSolution
		SolutionGuid = {583D8B1C-5BFE-437B-A3A2-9AF9E81EF92E}
	EndGlobalSection
EndGlobal
